
Microsoft Visual Studio Solution File, Format Version 12.00
# Visual Studio Version 17
VisualStudioVersion = 17.3.32922.545
MinimumVisualStudioVersion = 10.0.40219.1
Project("{FAE04EC0-301F-11D3-BF4B-00C04F79EFBC}") = "Aufgabe_A2-1-1", "Texteingabefelder\Aufgabe_A2-1-1.csproj", "{334A6064-0517-4A20-83B2-F73E6EC5E8DC}"
EndProject
Project("{FAE04EC0-301F-11D3-BF4B-00C04F79EFBC}") = "Aufgabe_A2-1-2", "Texteingabefelder_mit_NumUpdown\Aufgabe_A2-1-2.csproj", "{5AC0209E-D75E-49C0-88C7-4C58138ECD6F}"
EndProject
Project("{FAE04EC0-301F-11D3-BF4B-00C04F79EFBC}") = "Aufgabe_A2-1-3", "Einfacher_Rechner\Aufgabe_A2-1-3.csproj", "{B0D5E6EE-620D-40EE-A2D9-0AAFDAE75A0F}"
EndProject
Global
	GlobalSection(SolutionConfigurationPlatforms) = preSolution
		Debug|Any CPU = Debug|Any CPU
		Release|Any CPU = Release|Any CPU
	EndGlobalSection
	GlobalSection(ProjectConfigurationPlatforms) = postSolution
		{334A6064-0517-4A20-83B2-F73E6EC5E8DC}.Debug|Any CPU.ActiveCfg = Debug|Any CPU
		{334A6064-0517-4A20-83B2-F73E6EC5E8DC}.Debug|Any CPU.Build.0 = Debug|Any CPU
		{334A6064-0517-4A20-83B2-F73E6EC5E8DC}.Release|Any CPU.ActiveCfg = Release|Any CPU
		{334A6064-0517-4A20-83B2-F73E6EC5E8DC}.Release|Any CPU.Build.0 = Release|Any CPU
		{5AC0209E-D75E-49C0-88C7-4C58138ECD6F}.Debug|Any CPU.ActiveCfg = Debug|Any CPU
		{5AC0209E-D75E-49C0-88C7-4C58138ECD6F}.Debug|Any CPU.Build.0 = Debug|Any CPU
		{5AC0209E-D75E-49C0-88C7-4C58138ECD6F}.Release|Any CPU.ActiveCfg = Release|Any CPU
		{5AC0209E-D75E-49C0-88C7-4C58138ECD6F}.Release|Any CPU.Build.0 = Release|Any CPU
		{B0D5E6EE-620D-40EE-A2D9-0AAFDAE75A0F}.Debug|Any CPU.ActiveCfg = Debug|Any CPU
		{B0D5E6EE-620D-40EE-A2D9-0AAFDAE75A0F}.Debug|Any CPU.Build.0 = Debug|Any CPU
		{B0D5E6EE-620D-40EE-A2D9-0AAFDAE75A0F}.Release|Any CPU.ActiveCfg = Release|Any CPU
		{B0D5E6EE-620D-40EE-A2D9-0AAFDAE75A0F}.Release|Any CPU.Build.0 = Release|Any CPU
	EndGlobalSection
	GlobalSection(SolutionProperties) = preSolution
		HideSolutionNode = FALSE
	EndGlobalSection
	GlobalSection(ExtensibilityGlobals) = postSolution
		SolutionGuid = {EB74B85A-F64A-4E6C-BC93-E9C2BF28788A}
	EndGlobalSection
EndGlobal
